
Microsoft Visual Studio Solution File, Format Version 12.00
# Visual Studio Version 17
VisualStudioVersion = 17.5.33530.505
MinimumVisualStudioVersion = 10.0.40219.1
Project("{FAE04EC0-301F-11D3-BF4B-00C04F79EFBC}") = "JwtToken", "JwtToken\JwtToken.csproj", "{040120D5-8570-4A0A-98C8-FD687195E95F}"
EndProject
Global
	GlobalSection(SolutionConfigurationPlatforms) = preSolution
		Debug|Any CPU = Debug|Any CPU
		Release|Any CPU = Release|Any CPU
	EndGlobalSection
	GlobalSection(ProjectConfigurationPlatforms) = postSolution
		{040120D5-8570-4A0A-98C8-FD687195E95F}.Debug|Any CPU.ActiveCfg = Debug|Any CPU
		{040120D5-8570-4A0A-98C8-FD687195E95F}.Debug|Any CPU.Build.0 = Debug|Any CPU
		{040120D5-8570-4A0A-98C8-FD687195E95F}.Release|Any CPU.ActiveCfg = Release|Any CPU
		{040120D5-8570-4A0A-98C8-FD687195E95F}.Release|Any CPU.Build.0 = Release|Any CPU
	EndGlobalSection
	GlobalSection(SolutionProperties) = preSolution
		HideSolutionNode = FALSE
	EndGlobalSection
	GlobalSection(ExtensibilityGlobals) = postSolution
		SolutionGuid = {C19FE0E6-3C65-4486-B985-0E4D41494CB4}
	EndGlobalSection
EndGlobal
